
Microsoft Visual Studio Solution File, Format Version 12.00
# Visual Studio 15
VisualStudioVersion = 15.0.28307.271
MinimumVisualStudioVersion = 10.0.40219.1
Project("{FAE04EC0-301F-11D3-BF4B-00C04F79EFBC}") = "FinalProject", "FinalProject\FinalProject.csproj", "{0BC8DC40-549C-4C34-8283-8EE93E38B693}"
EndProject
Global
	GlobalSection(SolutionConfigurationPlatforms) = preSolution
		Debug|Any CPU = Debug|Any CPU
		Release|Any CPU = Release|Any CPU
	EndGlobalSection
	GlobalSection(ProjectConfigurationPlatforms) = postSolution
		{0BC8DC40-549C-4C34-8283-8EE93E38B693}.Debug|Any CPU.ActiveCfg = Debug|Any CPU
		{0BC8DC40-549C-4C34-8283-8EE93E38B693}.Debug|Any CPU.Build.0 = Debug|Any CPU
		{0BC8DC40-549C-4C34-8283-8EE93E38B693}.Release|Any CPU.ActiveCfg = Release|Any CPU
		{0BC8DC40-549C-4C34-8283-8EE93E38B693}.Release|Any CPU.Build.0 = Release|Any CPU
	EndGlobalSection
	GlobalSection(SolutionProperties) = preSolution
		HideSolutionNode = FALSE
	EndGlobalSection
	GlobalSection(ExtensibilityGlobals) = postSolution
		SolutionGuid = {42135C59-F8EE-464E-86BC-753BA426FFFA}
	EndGlobalSection
EndGlobal
